
Microsoft Visual Studio Solution File, Format Version 12.00
# Visual Studio 15
VisualStudioVersion = 15.0.26430.12
MinimumVisualStudioVersion = 10.0.40219.1
Project("{FAE04EC0-301F-11D3-BF4B-00C04F79EFBC}") = "ReflectionComparison", "ReflectionComparison\ReflectionComparison.csproj", "{B7B61B85-D090-4ADE-86E0-9784E2506A18}"
EndProject
Project("{FAE04EC0-301F-11D3-BF4B-00C04F79EFBC}") = "ReflectionComparison.Bridge", "ReflectionComparison.Bridge\ReflectionComparison.Bridge.csproj", "{1F0920F0-813B-409E-AF8D-E7EBAEF53513}"
EndProject
Project("{FAE04EC0-301F-11D3-BF4B-00C04F79EFBC}") = "ReflectionComparison.Compare", "ReflectionComparison.Compare\ReflectionComparison.Compare.csproj", "{FE18E6CA-55D9-41E5-9E84-C03E616CE640}"
EndProject
Global
	GlobalSection(SolutionConfigurationPlatforms) = preSolution
		Debug|Any CPU = Debug|Any CPU
		Release|Any CPU = Release|Any CPU
	EndGlobalSection
	GlobalSection(ProjectConfigurationPlatforms) = postSolution
		{B7B61B85-D090-4ADE-86E0-9784E2506A18}.Debug|Any CPU.ActiveCfg = Debug|Any CPU
		{B7B61B85-D090-4ADE-86E0-9784E2506A18}.Debug|Any CPU.Build.0 = Debug|Any CPU
		{B7B61B85-D090-4ADE-86E0-9784E2506A18}.Release|Any CPU.ActiveCfg = Release|Any CPU
		{B7B61B85-D090-4ADE-86E0-9784E2506A18}.Release|Any CPU.Build.0 = Release|Any CPU
		{1F0920F0-813B-409E-AF8D-E7EBAEF53513}.Debug|Any CPU.ActiveCfg = Debug|Any CPU
		{1F0920F0-813B-409E-AF8D-E7EBAEF53513}.Debug|Any CPU.Build.0 = Debug|Any CPU
		{1F0920F0-813B-409E-AF8D-E7EBAEF53513}.Release|Any CPU.ActiveCfg = Release|Any CPU
		{1F0920F0-813B-409E-AF8D-E7EBAEF53513}.Release|Any CPU.Build.0 = Release|Any CPU
		{FE18E6CA-55D9-41E5-9E84-C03E616CE640}.Debug|Any CPU.ActiveCfg = Debug|Any CPU
		{FE18E6CA-55D9-41E5-9E84-C03E616CE640}.Debug|Any CPU.Build.0 = Debug|Any CPU
		{FE18E6CA-55D9-41E5-9E84-C03E616CE640}.Release|Any CPU.ActiveCfg = Release|Any CPU
		{FE18E6CA-55D9-41E5-9E84-C03E616CE640}.Release|Any CPU.Build.0 = Release|Any CPU
	EndGlobalSection
	GlobalSection(SolutionProperties) = preSolution
		HideSolutionNode = FALSE
	EndGlobalSection
EndGlobal
